{
  "name": "wet-layer",
  "version": "1.0.1",
  "lockfileVersion": 1,
  "requires": true,
  "dependencies": {
    "typescript": {
      "version": "3.8.3",
      "resolved": "https://registry.npmjs.org/typescript/-/typescript-3.8.3.tgz",
      "integrity": "sha512-MYlEfn5VrLNsgudQTVJeNaQFUAI7DkhnOjdpAp4T+ku1TfQClewlbSuTVHiA+8skNBgaf02TL/kLOvig4y3G8w==",
      "dev": true
    },
    "web-ext-translator-shared": {
      "version": "3.0.0",
      "resolved": "https://registry.npmjs.org/web-ext-translator-shared/-/web-ext-translator-shared-3.0.0.tgz",
      "integrity": "sha512-hbWmAWPIwXjybUXpUlEwOXqBc3xsom9lyKhdRZegIpKu9j7pAtAUiqbMBSucbibDaPphEXb0f1dHQLv12TPyOQ=="
    },
    "webextension-polyfill": {
      "version": "0.6.0",
      "resolved": "https://registry.npmjs.org/webextension-polyfill/-/webextension-polyfill-0.6.0.tgz",
      "integrity": "sha512-PlYwiX8e4bNZrEeBFxbFFsLtm0SMPxJliLTGdNCA0Bq2XkWrAn2ejUd+89vZm+8BnfFB1BclJyCz3iKsm2atNg==",
      "dev": true
    },
    "webextension-polyfill-ts": {
      "version": "0.14.0",
      "resolved": "https://registry.npmjs.org/webextension-polyfill-ts/-/webextension-polyfill-ts-0.14.0.tgz",
      "integrity": "sha512-eBfjCgF8IvxKCphygM2MxQi1ixtxrzxz3k3cLQ2er2KUDJqWc8qkR5YjOH62PdPI9slJHYV4kHuQN3bG9/sQqw==",
      "dev": true,
      "requires": {
        "webextension-polyfill": "^0.6.0"
      }
    }
  }
}
